
Microsoft Visual Studio Solution File, Format Version 12.00
# Visual Studio Version 17
VisualStudioVersion = 17.7.34003.232
MinimumVisualStudioVersion = 10.0.40219.1
Project("{FAE04EC0-301F-11D3-BF4B-00C04F79EFBC}") = "UgbApi", "UgbApi.csproj", "{9241FF2A-04AD-49B3-A8BB-2336A0439683}"
EndProject
Global
	GlobalSection(SolutionConfigurationPlatforms) = preSolution
		Debug|Any CPU = Debug|Any CPU
		Release|Any CPU = Release|Any CPU
	EndGlobalSection
	GlobalSection(ProjectConfigurationPlatforms) = postSolution
		{9241FF2A-04AD-49B3-A8BB-2336A0439683}.Debug|Any CPU.ActiveCfg = Debug|Any CPU
		{9241FF2A-04AD-49B3-A8BB-2336A0439683}.Debug|Any CPU.Build.0 = Debug|Any CPU
		{9241FF2A-04AD-49B3-A8BB-2336A0439683}.Release|Any CPU.ActiveCfg = Release|Any CPU
		{9241FF2A-04AD-49B3-A8BB-2336A0439683}.Release|Any CPU.Build.0 = Release|Any CPU
	EndGlobalSection
	GlobalSection(SolutionProperties) = preSolution
		HideSolutionNode = FALSE
	EndGlobalSection
	GlobalSection(ExtensibilityGlobals) = postSolution
		SolutionGuid = {DDD39B21-14D5-4019-8B9F-E78AB4780D1B}
	EndGlobalSection
EndGlobal
